{
  "name": "py-pglite-env",
  "version": "0.5.3",
  "lockfileVersion": 3,
  "requires": true,
  "packages": {
    "": {
      "name": "py-pglite-env",
      "version": "0.5.3",
      "dependencies": {
        "@electric-sql/pglite": "^0.4.5",
        "@electric-sql/pglite-socket": "^0.1.5"
      }
    },
    "node_modules/@electric-sql/pglite": {
      "version": "0.4.5",
      "resolved": "https://registry.npmjs.org/@electric-sql/pglite/-/pglite-0.4.5.tgz",
      "integrity": "sha512-aGG2zGEyZzGWKy8P+9ZoNUV0jxt1+hgbeTf+bVAYyxVZZLXg3/9aFlfLxb08AYZVAfAkQlQIysmWjhc5hwDG8g==",
      "license": "Apache-2.0"
    },
    "node_modules/@electric-sql/pglite-socket": {
      "version": "0.1.5",
      "resolved": "https://registry.npmjs.org/@electric-sql/pglite-socket/-/pglite-socket-0.1.5.tgz",
      "integrity": "sha512-/RAye+3EPKfO9nY4tljzxXmkT7yIpFDm0L3F+c28b+Z6uxPOjy/Zz/QEHYHXcrfuUC88/a9S72EO0+3E0j97wQ==",
      "license": "Apache-2.0",
      "bin": {
        "pglite-server": "dist/scripts/server.js"
      },
      "peerDependencies": {
        "@electric-sql/pglite": "0.4.5"
      }
    }
  }
}
